// !$*UTF8*$!
{
	archiveVersion = 1;
	classes = {
	};
	objectVersion = 48;
	objects = {

/* Begin PBXBuildFile section */
		790387091FF46D41002C1CEF /* UIImageExtension.swift in Sources */ = {isa = PBXBuildFile; fileRef = 790387081FF46D41002C1CEF /* UIImageExtension.swift */; };
		798CDE111FF35A9C00F128EB /* AppDelegate.swift in Sources */ = {isa = PBXBuildFile; fileRef = 798CDE101FF35A9C00F128EB /* AppDelegate.swift */; };
		798CDE161FF35A9C00F128EB /* Main.storyboard in Resources */ = {isa = PBXBuildFile; fileRef = 798CDE141FF35A9C00F128EB /* Main.storyboard */; };
		798CDE181FF35A9C00F128EB /* Assets.xcassets in Resources */ = {isa = PBXBuildFile; fileRef = 798CDE171FF35A9C00F128EB /* Assets.xcassets */; };
		798CDE1B1FF35A9C00F128EB /* LaunchScreen.storyboard in Resources */ = {isa = PBXBuildFile; fileRef = 798CDE191FF35A9C00F128EB /* LaunchScreen.storyboard */; };
		798CDE341FF35DEB00F128EB /* kids_at_beach.jpg in Resources */ = {isa = PBXBuildFile; fileRef = 798CDE2A1FF35DEA00F128EB /* kids_at_beach.jpg */; };
		798CDE351FF35DEB00F128EB /* hiker.jpg in Resources */ = {isa = PBXBuildFile; fileRef = 798CDE2B1FF35DEA00F128EB /* hiker.jpg */; };
		798CDE371FF35DEB00F128EB /* PicturesCollectionViewController.swift in Sources */ = {isa = PBXBuildFile; fileRef = 798CDE2D1FF35DEA00F128EB /* PicturesCollectionViewController.swift */; };
		798CDE3B1FF35DEB00F128EB /* PictureCollectionViewCell.swift in Sources */ = {isa = PBXBuildFile; fileRef = 798CDE311FF35DEB00F128EB /* PictureCollectionViewCell.swift */; };
		798CDE3C1FF35DEB00F128EB /* ImageViewController.swift in Sources */ = {isa = PBXBuildFile; fileRef = 798CDE321FF35DEB00F128EB /* ImageViewController.swift */; };
		798CDE411FF3695F00F128EB /* CGImagePropertyOrientationExtension.swift in Sources */ = {isa = PBXBuildFile; fileRef = 798CDE401FF3695F00F128EB /* CGImagePropertyOrientationExtension.swift */; };
		798CDE441FF36AF800F128EB /* ImageViewController+HandlerFace.swift in Sources */ = {isa = PBXBuildFile; fileRef = 798CDE431FF36AF800F128EB /* ImageViewController+HandlerFace.swift */; };
		798CDE461FF36C0D00F128EB /* FaceDimensions.swift in Sources */ = {isa = PBXBuildFile; fileRef = 798CDE451FF36C0D00F128EB /* FaceDimensions.swift */; };
		798CDE491FF36E8C00F128EB /* AnnotationView.swift in Sources */ = {isa = PBXBuildFile; fileRef = 798CDE481FF36E8C00F128EB /* AnnotationView.swift */; };
		798CDE4B1FF370EB00F128EB /* CGRectExtension.swift in Sources */ = {isa = PBXBuildFile; fileRef = 798CDE4A1FF370EB00F128EB /* CGRectExtension.swift */; };
/* End PBXBuildFile section */

/* Begin PBXFileReference section */
		790387081FF46D41002C1CEF /* UIImageExtension.swift */ = {isa = PBXFileReference; lastKnownFileType = sourcecode.swift; path = UIImageExtension.swift; sourceTree = "<group>"; };
		798CDE0D1FF35A9C00F128EB /* CoreMLExample.app */ = {isa = PBXFileReference; explicitFileType = wrapper.application; includeInIndex = 0; path = CoreMLExample.app; sourceTree = BUILT_PRODUCTS_DIR; };
		798CDE101FF35A9C00F128EB /* AppDelegate.swift */ = {isa = PBXFileReference; lastKnownFileType = sourcecode.swift; path = AppDelegate.swift; sourceTree = "<group>"; };
		798CDE151FF35A9C00F128EB /* Base */ = {isa = PBXFileReference; lastKnownFileType = file.storyboard; name = Base; path = Base.lproj/Main.storyboard; sourceTree = "<group>"; };
		798CDE171FF35A9C00F128EB /* Assets.xcassets */ = {isa = PBXFileReference; lastKnownFileType = folder.assetcatalog; path = Assets.xcassets; sourceTree = "<group>"; };
		798CDE1A1FF35A9C00F128EB /* Base */ = {isa = PBXFileReference; lastKnownFileType = file.storyboard; name = Base; path = Base.lproj/LaunchScreen.storyboard; sourceTree = "<group>"; };
		798CDE1C1FF35A9C00F128EB /* Info.plist */ = {isa = PBXFileReference; lastKnownFileType = text.plist.xml; path = Info.plist; sourceTree = "<group>"; };
		798CDE2A1FF35DEA00F128EB /* kids_at_beach.jpg */ = {isa = PBXFileReference; lastKnownFileType = image.jpeg; path = kids_at_beach.jpg; sourceTree = "<group>"; };
		798CDE2B1FF35DEA00F128EB /* hiker.jpg */ = {isa = PBXFileReference; lastKnownFileType = image.jpeg; path = hiker.jpg; sourceTree = "<group>"; };
		798CDE2D1FF35DEA00F128EB /* PicturesCollectionViewController.swift */ = {isa = PBXFileReference; fileEncoding = 4; lastKnownFileType = sourcecode.swift; path = PicturesCollectionViewController.swift; sourceTree = "<group>"; };
		798CDE311FF35DEB00F128EB /* PictureCollectionViewCell.swift */ = {isa = PBXFileReference; fileEncoding = 4; lastKnownFileType = sourcecode.swift; path = PictureCollectionViewCell.swift; sourceTree = "<group>"; };
		798CDE321FF35DEB00F128EB /* ImageViewController.swift */ = {isa = PBXFileReference; fileEncoding = 4; lastKnownFileType = sourcecode.swift; path = ImageViewController.swift; sourceTree = "<group>"; };
		798CDE401FF3695F00F128EB /* CGImagePropertyOrientationExtension.swift */ = {isa = PBXFileReference; lastKnownFileType = sourcecode.swift; path = CGImagePropertyOrientationExtension.swift; sourceTree = "<group>"; };
		798CDE431FF36AF800F128EB /* ImageViewController+HandlerFace.swift */ = {isa = PBXFileReference; lastKnownFileType = sourcecode.swift; path = "ImageViewController+HandlerFace.swift"; sourceTree = "<group>"; };
		798CDE451FF36C0D00F128EB /* FaceDimensions.swift */ = {isa = PBXFileReference; lastKnownFileType = sourcecode.swift; path = FaceDimensions.swift; sourceTree = "<group>"; };
		798CDE481FF36E8C00F128EB /* AnnotationView.swift */ = {isa = PBXFileReference; lastKnownFileType = sourcecode.swift; path = AnnotationView.swift; sourceTree = "<group>"; };
		798CDE4A1FF370EB00F128EB /* CGRectExtension.swift */ = {isa = PBXFileReference; lastKnownFileType = sourcecode.swift; path = CGRectExtension.swift; sourceTree = "<group>"; };
/* End PBXFileReference section */

/* Begin PBXFrameworksBuildPhase section */
		798CDE0A1FF35A9C00F128EB /* Frameworks */ = {
			isa = PBXFrameworksBuildPhase;
			buildActionMask = 2147483647;
			files = (
			);
			runOnlyForDeploymentPostprocessing = 0;
		};
/* End PBXFrameworksBuildPhase section */

/* Begin PBXGroup section */
		798CDE041FF35A9C00F128EB = {
			isa = PBXGroup;
			children = (
				798CDE0F1FF35A9C00F128EB /* CoreMLExample */,
				798CDE0E1FF35A9C00F128EB /* Products */,
			);
			sourceTree = "<group>";
		};
		798CDE0E1FF35A9C00F128EB /* Products */ = {
			isa = PBXGroup;
			children = (
				798CDE0D1FF35A9C00F128EB /* CoreMLExample.app */,
			);
			name = Products;
			sourceTree = "<group>";
		};
		798CDE0F1FF35A9C00F128EB /* CoreMLExample */ = {
			isa = PBXGroup;
			children = (
				798CDE471FF36C1300F128EB /* Data */,
				798CDE421FF3696300F128EB /* Utilities */,
				798CDE3D1FF3631800F128EB /* ViewControllers */,
				798CDE3E1FF3632300F128EB /* Views */,
				798CDE3F1FF3632E00F128EB /* Storyboards */,
				798CDE101FF35A9C00F128EB /* AppDelegate.swift */,
				798CDE171FF35A9C00F128EB /* Assets.xcassets */,
				798CDE1C1FF35A9C00F128EB /* Info.plist */,
				798CDE291FF35DEA00F128EB /* images */,
			);
			path = CoreMLExample;
			sourceTree = "<group>";
		};
		798CDE291FF35DEA00F128EB /* images */ = {
			isa = PBXGroup;
			children = (
				798CDE2A1FF35DEA00F128EB /* kids_at_beach.jpg */,
				798CDE2B1FF35DEA00F128EB /* hiker.jpg */,
			);
			path = images;
			sourceTree = "<group>";
		};
		798CDE3D1FF3631800F128EB /* ViewControllers */ = {
			isa = PBXGroup;
			children = (
				798CDE431FF36AF800F128EB /* ImageViewController+HandlerFace.swift */,
				798CDE321FF35DEB00F128EB /* ImageViewController.swift */,
				798CDE2D1FF35DEA00F128EB /* PicturesCollectionViewController.swift */,
			);
			path = ViewControllers;
			sourceTree = "<group>";
		};
		798CDE3E1FF3632300F128EB /* Views */ = {
			isa = PBXGroup;
			children = (
				798CDE311FF35DEB00F128EB /* PictureCollectionViewCell.swift */,
				798CDE481FF36E8C00F128EB /* AnnotationView.swift */,
			);
			path = Views;
			sourceTree = "<group>";
		};
		798CDE3F1FF3632E00F128EB /* Storyboards */ = {
			isa = PBXGroup;
			children = (
				798CDE141FF35A9C00F128EB /* Main.storyboard */,
				798CDE191FF35A9C00F128EB /* LaunchScreen.storyboard */,
			);
			path = Storyboards;
			sourceTree = "<group>";
		};
		798CDE421FF3696300F128EB /* Utilities */ = {
			isa = PBXGroup;
			children = (
				790387081FF46D41002C1CEF /* UIImageExtension.swift */,
				798CDE401FF3695F00F128EB /* CGImagePropertyOrientationExtension.swift */,
				798CDE4A1FF370EB00F128EB /* CGRectExtension.swift */,
			);
			path = Utilities;
			sourceTree = "<group>";
		};
		798CDE471FF36C1300F128EB /* Data */ = {
			isa = PBXGroup;
			children = (
				798CDE451FF36C0D00F128EB /* FaceDimensions.swift */,
			);
			path = Data;
			sourceTree = "<group>";
		};
/* End PBXGroup section */

/* Begin PBXNativeTarget section */
		798CDE0C1FF35A9C00F128EB /* CoreMLExample */ = {
			isa = PBXNativeTarget;
			buildConfigurationList = 798CDE1F1FF35A9C00F128EB /* Build configuration list for PBXNativeTarget "CoreMLExample" */;
			buildPhases = (
				798CDE091FF35A9C00F128EB /* Sources */,
				798CDE0A1FF35A9C00F128EB /* Frameworks */,
				798CDE0B1FF35A9C00F128EB /* Resources */,
			);
			buildRules = (
			);
			dependencies = (
			);
			name = CoreMLExample;
			productName = CoreMLExample;
			productReference = 798CDE0D1FF35A9C00F128EB /* CoreMLExample.app */;
			productType = "com.apple.product-type.application";
		};
/* End PBXNativeTarget section */

/* Begin PBXProject section */
		798CDE051FF35A9C00F128EB /* Project object */ = {
			isa = PBXProject;
			attributes = {
				LastSwiftUpdateCheck = 0920;
				LastUpgradeCheck = 0920;
				ORGANIZATIONNAME = "Quoc Nguyen";
				TargetAttributes = {
					798CDE0C1FF35A9C00F128EB = {
						CreatedOnToolsVersion = 9.2;
						ProvisioningStyle = Automatic;
					};
				};
			};
			buildConfigurationList = 798CDE081FF35A9C00F128EB /* Build configuration list for PBXProject "CoreMLExample" */;
			compatibilityVersion = "Xcode 8.0";
			developmentRegion = en;
			hasScannedForEncodings = 0;
			knownRegions = (
				en,
				Base,
			);
			mainGroup = 798CDE041FF35A9C00F128EB;
			productRefGroup = 798CDE0E1FF35A9C00F128EB /* Products */;
			projectDirPath = "";
			projectRoot = "";
			targets = (
				798CDE0C1FF35A9C00F128EB /* CoreMLExample */,
			);
		};
/* End PBXProject section */

/* Begin PBXResourcesBuildPhase section */
		798CDE0B1FF35A9C00F128EB /* Resources */ = {
			isa = PBXResourcesBuildPhase;
			buildActionMask = 2147483647;
			files = (
				798CDE1B1FF35A9C00F128EB /* LaunchScreen.storyboard in Resources */,
				798CDE351FF35DEB00F128EB /* hiker.jpg in Resources */,
				798CDE341FF35DEB00F128EB /* kids_at_beach.jpg in Resources */,
				798CDE181FF35A9C00F128EB /* Assets.xcassets in Resources */,
				798CDE161FF35A9C00F128EB /* Main.storyboard in Resources */,
			);
			runOnlyForDeploymentPostprocessing = 0;
		};
/* End PBXResourcesBuildPhase section */

/* Begin PBXSourcesBuildPhase section */
		798CDE091FF35A9C00F128EB /* Sources */ = {
			isa = PBXSourcesBuildPhase;
			buildActionMask = 2147483647;
			files = (
				798CDE3B1FF35DEB00F128EB /* PictureCollectionViewCell.swift in Sources */,
				798CDE371FF35DEB00F128EB /* PicturesCollectionViewController.swift in Sources */,
				798CDE411FF3695F00F128EB /* CGImagePropertyOrientationExtension.swift in Sources */,
				790387091FF46D41002C1CEF /* UIImageExtension.swift in Sources */,
				798CDE461FF36C0D00F128EB /* FaceDimensions.swift in Sources */,
				798CDE111FF35A9C00F128EB /* AppDelegate.swift in Sources */,
				798CDE491FF36E8C00F128EB /* AnnotationView.swift in Sources */,
				798CDE4B1FF370EB00F128EB /* CGRectExtension.swift in Sources */,
				798CDE441FF36AF800F128EB /* ImageViewController+HandlerFace.swift in Sources */,
				798CDE3C1FF35DEB00F128EB /* ImageViewController.swift in Sources */,
			);
			runOnlyForDeploymentPostprocessing = 0;
		};
/* End PBXSourcesBuildPhase section */

/* Begin PBXVariantGroup section */
		798CDE141FF35A9C00F128EB /* Main.storyboard */ = {
			isa = PBXVariantGroup;
			children = (
				798CDE151FF35A9C00F128EB /* Base */,
			);
			name = Main.storyboard;
			sourceTree = "<group>";
		};
		798CDE191FF35A9C00F128EB /* LaunchScreen.storyboard */ = {
			isa = PBXVariantGroup;
			children = (
				798CDE1A1FF35A9C00F128EB /* Base */,
			);
			name = LaunchScreen.storyboard;
			sourceTree = "<group>";
		};
/* End PBXVariantGroup section */

/* Begin XCBuildConfiguration section */
		798CDE1D1FF35A9C00F128EB /* Debug */ = {
			isa = XCBuildConfiguration;
			buildSettings = {
				ALWAYS_SEARCH_USER_PATHS = NO;
				CLANG_ANALYZER_NONNULL = YES;
				CLANG_ANALYZER_NUMBER_OBJECT_CONVERSION = YES_AGGRESSIVE;
				CLANG_CXX_LANGUAGE_STANDARD = "gnu++14";
				CLANG_CXX_LIBRARY = "libc++";
				CLANG_ENABLE_MODULES = YES;
				CLANG_ENABLE_OBJC_ARC = YES;
				CLANG_WARN_BLOCK_CAPTURE_AUTORELEASING = YES;
				CLANG_WARN_BOOL_CONVERSION = YES;
				CLANG_WARN_COMMA = YES;
				CLANG_WARN_CONSTANT_CONVERSION = YES;
				CLANG_WARN_DIRECT_OBJC_ISA_USAGE = YES_ERROR;
				CLANG_WARN_DOCUMENTATION_COMMENTS = YES;
				CLANG_WARN_EMPTY_BODY = YES;
				CLANG_WARN_ENUM_CONVERSION = YES;
				CLANG_WARN_INFINITE_RECURSION = YES;
				CLANG_WARN_INT_CONVERSION = YES;
				CLANG_WARN_NON_LITERAL_NULL_CONVERSION = YES;
				CLANG_WARN_OBJC_LITERAL_CONVERSION = YES;
				CLANG_WARN_OBJC_ROOT_CLASS = YES_ERROR;
				CLANG_WARN_RANGE_LOOP_ANALYSIS = YES;
				CLANG_WARN_STRICT_PROTOTYPES = YES;
				CLANG_WARN_SUSPICIOUS_MOVE = YES;
				CLANG_WARN_UNGUARDED_AVAILABILITY = YES_AGGRESSIVE;
				CLANG_WARN_UNREACHABLE_CODE = YES;
				CLANG_WARN__DUPLICATE_METHOD_MATCH = YES;
				CODE_SIGN_IDENTITY = "iPhone Developer";
				COPY_PHASE_STRIP = NO;
				DEBUG_INFORMATION_FORMAT = dwarf;
				ENABLE_STRICT_OBJC_MSGSEND = YES;
				ENABLE_TESTABILITY = YES;
				GCC_C_LANGUAGE_STANDARD = gnu11;
				GCC_DYNAMIC_NO_PIC = NO;
				GCC_NO_COMMON_BLOCKS = YES;
				GCC_OPTIMIZATION_LEVEL = 0;
				GCC_PREPROCESSOR_DEFINITIONS = (
					"DEBUG=1",
					"$(inherited)",
				);
				GCC_WARN_64_TO_32_BIT_CONVERSION = YES;
				GCC_WARN_ABOUT_RETURN_TYPE = YES_ERROR;
				GCC_WARN_UNDECLARED_SELECTOR = YES;
				GCC_WARN_UNINITIALIZED_AUTOS = YES_AGGRESSIVE;
				GCC_WARN_UNUSED_FUNCTION = YES;
				GCC_WARN_UNUSED_VARIABLE = YES;
				IPHONEOS_DEPLOYMENT_TARGET = 11.2;
				MTL_ENABLE_DEBUG_INFO = YES;
				ONLY_ACTIVE_ARCH = YES;
				SDKROOT = iphoneos;
				SWIFT_ACTIVE_COMPILATION_CONDITIONS = DEBUG;
				SWIFT_OPTIMIZATION_LEVEL = "-Onone";
			};
			name = Debug;
		};
		798CDE1E1FF35A9C00F128EB /* Release */ = {
			isa = XCBuildConfiguration;
			buildSettings = {
				ALWAYS_SEARCH_USER_PATHS = NO;
				CLANG_ANALYZER_NONNULL = YES;
				CLANG_ANALYZER_NUMBER_OBJECT_CONVERSION = YES_AGGRESSIVE;
				CLANG_CXX_LANGUAGE_STANDARD = "gnu++14";
				CLANG_CXX_LIBRARY = "libc++";
				CLANG_ENABLE_MODULES = YES;
				CLANG_ENABLE_OBJC_ARC = YES;
				CLANG_WARN_BLOCK_CAPTURE_AUTORELEASING = YES;
				CLANG_WARN_BOOL_CONVERSION = YES;
				CLANG_WARN_COMMA = YES;
				CLANG_WARN_CONSTANT_CONVERSION = YES;
				CLANG_WARN_DIRECT_OBJC_ISA_USAGE = YES_ERROR;
				CLANG_WARN_DOCUMENTATION_COMMENTS = YES;
				CLANG_WARN_EMPTY_BODY = YES;
				CLANG_WARN_ENUM_CONVERSION = YES;
				CLANG_WARN_INFINITE_RECURSION = YES;
				CLANG_WARN_INT_CONVERSION = YES;
				CLANG_WARN_NON_LITERAL_NULL_CONVERSION = YES;
				CLANG_WARN_OBJC_LITERAL_CONVERSION = YES;
				CLANG_WARN_OBJC_ROOT_CLASS = YES_ERROR;
				CLANG_WARN_RANGE_LOOP_ANALYSIS = YES;
				CLANG_WARN_STRICT_PROTOTYPES = YES;
				CLANG_WARN_SUSPICIOUS_MOVE = YES;
				CLANG_WARN_UNGUARDED_AVAILABILITY = YES_AGGRESSIVE;
				CLANG_WARN_UNREACHABLE_CODE = YES;
				CLANG_WARN__DUPLICATE_METHOD_MATCH = YES;
				CODE_SIGN_IDENTITY = "iPhone Developer";
				COPY_PHASE_STRIP = NO;
				DEBUG_INFORMATION_FORMAT = "dwarf-with-dsym";
				ENABLE_NS_ASSERTIONS = NO;
				ENABLE_STRICT_OBJC_MSGSEND = YES;
				GCC_C_LANGUAGE_STANDARD = gnu11;
				GCC_NO_COMMON_BLOCKS = YES;
				GCC_WARN_64_TO_32_BIT_CONVERSION = YES;
				GCC_WARN_ABOUT_RETURN_TYPE = YES_ERROR;
				GCC_WARN_UNDECLARED_SELECTOR = YES;
				GCC_WARN_UNINITIALIZED_AUTOS = YES_AGGRESSIVE;
				GCC_WARN_UNUSED_FUNCTION = YES;
				GCC_WARN_UNUSED_VARIABLE = YES;
				IPHONEOS_DEPLOYMENT_TARGET = 11.2;
				MTL_ENABLE_DEBUG_INFO = NO;
				SDKROOT = iphoneos;
				SWIFT_OPTIMIZATION_LEVEL = "-Owholemodule";
				VALIDATE_PRODUCT = YES;
			};
			name = Release;
		};
		798CDE201FF35A9C00F128EB /* Debug */ = {
			isa = XCBuildConfiguration;
			buildSettings = {
				ASSETCATALOG_COMPILER_APPICON_NAME = AppIcon;
				CODE_SIGN_STYLE = Automatic;
				DEVELOPMENT_TEAM = P954B8KACQ;
				INFOPLIST_FILE = CoreMLExample/Info.plist;
				LD_RUNPATH_SEARCH_PATHS = "$(inherited) @executable_path/Frameworks";
				PRODUCT_BUNDLE_IDENTIFIER = com.quocnb.CoreMLExample;
				PRODUCT_NAME = "$(TARGET_NAME)";
				SWIFT_VERSION = 4.0;
				TARGETED_DEVICE_FAMILY = "1,2";
			};
			name = Debug;
		};
		798CDE211FF35A9C00F128EB /* Release */ = {
			isa = XCBuildConfiguration;
			buildSettings = {
				ASSETCATALOG_COMPILER_APPICON_NAME = AppIcon;
				CODE_SIGN_STYLE = Automatic;
				DEVELOPMENT_TEAM = P954B8KACQ;
				INFOPLIST_FILE = CoreMLExample/Info.plist;
				LD_RUNPATH_SEARCH_PATHS = "$(inherited) @executable_path/Frameworks";
				PRODUCT_BUNDLE_IDENTIFIER = com.quocnb.CoreMLExample;
				PRODUCT_NAME = "$(TARGET_NAME)";
				SWIFT_VERSION = 4.0;
				TARGETED_DEVICE_FAMILY = "1,2";
			};
			name = Release;
		};
/* End XCBuildConfiguration section */

/* Begin XCConfigurationList section */
		798CDE081FF35A9C00F128EB /* Build configuration list for PBXProject "CoreMLExample" */ = {
			isa = XCConfigurationList;
			buildConfigurations = (
				798CDE1D1FF35A9C00F128EB /* Debug */,
				798CDE1E1FF35A9C00F128EB /* Release */,
			);
			defaultConfigurationIsVisible = 0;
			defaultConfigurationName = Release;
		};
		798CDE1F1FF35A9C00F128EB /* Build configuration list for PBXNativeTarget "CoreMLExample" */ = {
			isa = XCConfigurationList;
			buildConfigurations = (
				798CDE201FF35A9C00F128EB /* Debug */,
				798CDE211FF35A9C00F128EB /* Release */,
			);
			defaultConfigurationIsVisible = 0;
			defaultConfigurationName = Release;
		};
/* End XCConfigurationList section */
	};
	rootObject = 798CDE051FF35A9C00F128EB /* Project object */;
}
